
Microsoft Visual Studio Solution File, Format Version 12.00
# Visual Studio Version 17
VisualStudioVersion = 17.4.33213.308
MinimumVisualStudioVersion = 10.0.40219.1
Project("{8BC9CEB8-8B4A-11D0-8D11-00A0C91BC942}") = "ITMO.CPP2023.Lesson01.Ex1", "ITMO.CPP2023.Lesson01.Ex1\ITMO.CPP2023.Lesson01.Ex1.vcxproj", "{1B7BA435-0EB0-4399-96FB-1A8D65F0B168}"
EndProject
Project("{8BC9CEB8-8B4A-11D0-8D11-00A0C91BC942}") = "ITMO.CPP2023.Lesson02.Ex1", "ITMO.CPP2023.Lesson02.Ex1\ITMO.CPP2023.Lesson02.Ex1.vcxproj", "{F4F690F0-A644-42FC-887D-27E422F506C7}"
EndProject
Project("{8BC9CEB8-8B4A-11D0-8D11-00A0C91BC942}") = "ITMO.CPP2023.Lesson02.Ex2", "ITMO.CPP2023.Lesson02.Ex2\ITMO.CPP2023.Lesson02.Ex2.vcxproj", "{D907952E-FBD3-48D4-BB5A-1EC5927749CA}"
EndProject
Project("{8BC9CEB8-8B4A-11D0-8D11-00A0C91BC942}") = "ITMO.CPP2023.Lesson02.Ex3", "ITMO.CPP2023.Lesson02.Ex3\ITMO.CPP2023.Lesson02.Ex3.vcxproj", "{D2F2D90C-EB2E-4D75-B255-6CCA8AF7D03B}"
EndProject
Project("{2150E333-8FDC-42A3-9474-1A3956D46DE8}") = "ITMO.CPP2023.Lesson01", "ITMO.CPP2023.Lesson01", "{195DA395-F639-4AB2-9275-FCE02D842133}"
EndProject
Project("{2150E333-8FDC-42A3-9474-1A3956D46DE8}") = "ITMO.CPP2023.Lesson02", "ITMO.CPP2023.Lesson02", "{90549170-31D3-4D9A-8558-2BD684612DF7}"
EndProject
Project("{8BC9CEB8-8B4A-11D0-8D11-00A0C91BC942}") = "ITMO.CPP2023.Lesson02.Ex4", "ITMO.CPP2023.Lesson02.Ex4\ITMO.CPP2023.Lesson02.Ex4.vcxproj", "{6F08CED9-DCA2-422F-AA5A-BBEA0CE68F0F}"
EndProject
Project("{2150E333-8FDC-42A3-9474-1A3956D46DE8}") = "ITMO.CPP2023.Lesson03", "ITMO.CPP2023.Lesson03", "{698D2705-374A-4E6D-852D-7004873A602A}"
EndProject
Project("{8BC9CEB8-8B4A-11D0-8D11-00A0C91BC942}") = "ITMO.CPP2023.Lesson03.Ex1", "ITMO.CPP2023.Lesson03.ex1\ITMO.CPP2023.Lesson03.ex1.vcxproj", "{FA01B08E-EC46-49DE-9B64-1E96D1A801F4}"
EndProject
Project("{8BC9CEB8-8B4A-11D0-8D11-00A0C91BC942}") = "ITMO.CPP2023.Lesson03.Ex2", "ITMO.CPP2023.Lesson03.Ex2\ITMO.CPP2023.Lesson03.Ex2.vcxproj", "{67CA9553-0ED4-4AD3-BE78-18BBC537FABE}"
EndProject
Project("{8BC9CEB8-8B4A-11D0-8D11-00A0C91BC942}") = "ITMO.CPP2023.Lesson03.Ex3", "ITMO.CPP2023.Lesson03.Ex3\ITMO.CPP2023.Lesson03.Ex3.vcxproj", "{FAF9E1A0-4E0C-4F13-89E0-F946D9073E13}"
EndProject
Project("{8BC9CEB8-8B4A-11D0-8D11-00A0C91BC942}") = "ITMO.CPP2023.Lesson03.ex4", "ITMO.CPP2023.Lesson03.ex4\ITMO.CPP2023.Lesson03.ex4.vcxproj", "{E9452EEA-D3EF-4014-8813-97BB3DFA7C76}"
EndProject
Project("{8BC9CEB8-8B4A-11D0-8D11-00A0C91BC942}") = "ITMO.CPP2023.Lesson03.ex5", "ITMO.CPP2023.Lesson03.ex5\ITMO.CPP2023.Lesson03.ex5.vcxproj", "{2C401522-8E80-4105-B8C4-F8F2F7507149}"
EndProject
Project("{2150E333-8FDC-42A3-9474-1A3956D46DE8}") = "ITMO.CPP2023.Lesson04", "ITMO.CPP2023.Lesson04", "{E791E1A7-662C-447E-BFFA-525CE54DF047}"
EndProject
Project("{8BC9CEB8-8B4A-11D0-8D11-00A0C91BC942}") = "ITMO.CPP2023.Lesson04.Ex1", "ITMO.CPP2023.Lesson04.Ex1\ITMO.CPP2023.Lesson04.Ex1.vcxproj", "{316AB9F4-93DF-4C70-BB9E-6C1C972D8CC7}"
EndProject
Project("{8BC9CEB8-8B4A-11D0-8D11-00A0C91BC942}") = "ITMO.CPP2023.Lesson04.Ex2", "ITMO.CPP2023.Lesson04.Ex2\ITMO.CPP2023.Lesson04.Ex2.vcxproj", "{1E3ADED0-CA95-462C-9B63-BF4624FB1BB5}"
EndProject
Project("{2150E333-8FDC-42A3-9474-1A3956D46DE8}") = "ITMO.CPP2023.Lesson05", "ITMO.CPP2023.Lesson05", "{2B88434D-58F4-4CD1-AE8F-C4FDBA6FB22E}"
EndProject
Project("{8BC9CEB8-8B4A-11D0-8D11-00A0C91BC942}") = "ITMO.CPP2023.Lesson05.Ex1", "ITMO.CPP2023.Lesson05.Ex1\ITMO.CPP2023.Lesson05.Ex1.vcxproj", "{EDA2BC13-B35F-4374-B18F-F1299B2275F7}"
EndProject
Global
	GlobalSection(SolutionConfigurationPlatforms) = preSolution
		Debug|x64 = Debug|x64
		Debug|x86 = Debug|x86
		Release|x64 = Release|x64
		Release|x86 = Release|x86
	EndGlobalSection
	GlobalSection(ProjectConfigurationPlatforms) = postSolution
		{1B7BA435-0EB0-4399-96FB-1A8D65F0B168}.Debug|x64.ActiveCfg = Debug|x64
		{1B7BA435-0EB0-4399-96FB-1A8D65F0B168}.Debug|x64.Build.0 = Debug|x64
		{1B7BA435-0EB0-4399-96FB-1A8D65F0B168}.Debug|x86.ActiveCfg = Debug|Win32
		{1B7BA435-0EB0-4399-96FB-1A8D65F0B168}.Debug|x86.Build.0 = Debug|Win32
		{1B7BA435-0EB0-4399-96FB-1A8D65F0B168}.Release|x64.ActiveCfg = Release|x64
		{1B7BA435-0EB0-4399-96FB-1A8D65F0B168}.Release|x64.Build.0 = Release|x64
		{1B7BA435-0EB0-4399-96FB-1A8D65F0B168}.Release|x86.ActiveCfg = Release|Win32
		{1B7BA435-0EB0-4399-96FB-1A8D65F0B168}.Release|x86.Build.0 = Release|Win32
		{F4F690F0-A644-42FC-887D-27E422F506C7}.Debug|x64.ActiveCfg = Debug|x64
		{F4F690F0-A644-42FC-887D-27E422F506C7}.Debug|x64.Build.0 = Debug|x64
		{F4F690F0-A644-42FC-887D-27E422F506C7}.Debug|x86.ActiveCfg = Debug|Win32
		{F4F690F0-A644-42FC-887D-27E422F506C7}.Debug|x86.Build.0 = Debug|Win32
		{F4F690F0-A644-42FC-887D-27E422F506C7}.Release|x64.ActiveCfg = Release|x64
		{F4F690F0-A644-42FC-887D-27E422F506C7}.Release|x64.Build.0 = Release|x64
		{F4F690F0-A644-42FC-887D-27E422F506C7}.Release|x86.ActiveCfg = Release|Win32
		{F4F690F0-A644-42FC-887D-27E422F506C7}.Release|x86.Build.0 = Release|Win32
		{D907952E-FBD3-48D4-BB5A-1EC5927749CA}.Debug|x64.ActiveCfg = Debug|x64
		{D907952E-FBD3-48D4-BB5A-1EC5927749CA}.Debug|x64.Build.0 = Debug|x64
		{D907952E-FBD3-48D4-BB5A-1EC5927749CA}.Debug|x86.ActiveCfg = Debug|Win32
		{D907952E-FBD3-48D4-BB5A-1EC5927749CA}.Debug|x86.Build.0 = Debug|Win32
		{D907952E-FBD3-48D4-BB5A-1EC5927749CA}.Release|x64.ActiveCfg = Release|x64
		{D907952E-FBD3-48D4-BB5A-1EC5927749CA}.Release|x64.Build.0 = Release|x64
		{D907952E-FBD3-48D4-BB5A-1EC5927749CA}.Release|x86.ActiveCfg = Release|Win32
		{D907952E-FBD3-48D4-BB5A-1EC5927749CA}.Release|x86.Build.0 = Release|Win32
		{D2F2D90C-EB2E-4D75-B255-6CCA8AF7D03B}.Debug|x64.ActiveCfg = Debug|x64
		{D2F2D90C-EB2E-4D75-B255-6CCA8AF7D03B}.Debug|x64.Build.0 = Debug|x64
		{D2F2D90C-EB2E-4D75-B255-6CCA8AF7D03B}.Debug|x86.ActiveCfg = Debug|Win32
		{D2F2D90C-EB2E-4D75-B255-6CCA8AF7D03B}.Debug|x86.Build.0 = Debug|Win32
		{D2F2D90C-EB2E-4D75-B255-6CCA8AF7D03B}.Release|x64.ActiveCfg = Release|x64
		{D2F2D90C-EB2E-4D75-B255-6CCA8AF7D03B}.Release|x64.Build.0 = Release|x64
		{D2F2D90C-EB2E-4D75-B255-6CCA8AF7D03B}.Release|x86.ActiveCfg = Release|Win32
		{D2F2D90C-EB2E-4D75-B255-6CCA8AF7D03B}.Release|x86.Build.0 = Release|Win32
		{6F08CED9-DCA2-422F-AA5A-BBEA0CE68F0F}.Debug|x64.ActiveCfg = Debug|x64
		{6F08CED9-DCA2-422F-AA5A-BBEA0CE68F0F}.Debug|x64.Build.0 = Debug|x64
		{6F08CED9-DCA2-422F-AA5A-BBEA0CE68F0F}.Debug|x86.ActiveCfg = Debug|Win32
		{6F08CED9-DCA2-422F-AA5A-BBEA0CE68F0F}.Debug|x86.Build.0 = Debug|Win32
		{6F08CED9-DCA2-422F-AA5A-BBEA0CE68F0F}.Release|x64.ActiveCfg = Release|x64
		{6F08CED9-DCA2-422F-AA5A-BBEA0CE68F0F}.Release|x64.Build.0 = Release|x64
		{6F08CED9-DCA2-422F-AA5A-BBEA0CE68F0F}.Release|x86.ActiveCfg = Release|Win32
		{6F08CED9-DCA2-422F-AA5A-BBEA0CE68F0F}.Release|x86.Build.0 = Release|Win32
		{FA01B08E-EC46-49DE-9B64-1E96D1A801F4}.Debug|x64.ActiveCfg = Debug|x64
		{FA01B08E-EC46-49DE-9B64-1E96D1A801F4}.Debug|x64.Build.0 = Debug|x64
		{FA01B08E-EC46-49DE-9B64-1E96D1A801F4}.Debug|x86.ActiveCfg = Debug|Win32
		{FA01B08E-EC46-49DE-9B64-1E96D1A801F4}.Debug|x86.Build.0 = Debug|Win32
		{FA01B08E-EC46-49DE-9B64-1E96D1A801F4}.Release|x64.ActiveCfg = Release|x64
		{FA01B08E-EC46-49DE-9B64-1E96D1A801F4}.Release|x64.Build.0 = Release|x64
		{FA01B08E-EC46-49DE-9B64-1E96D1A801F4}.Release|x86.ActiveCfg = Release|Win32
		{FA01B08E-EC46-49DE-9B64-1E96D1A801F4}.Release|x86.Build.0 = Release|Win32
		{67CA9553-0ED4-4AD3-BE78-18BBC537FABE}.Debug|x64.ActiveCfg = Debug|x64
		{67CA9553-0ED4-4AD3-BE78-18BBC537FABE}.Debug|x64.Build.0 = Debug|x64
		{67CA9553-0ED4-4AD3-BE78-18BBC537FABE}.Debug|x86.ActiveCfg = Debug|Win32
		{67CA9553-0ED4-4AD3-BE78-18BBC537FABE}.Debug|x86.Build.0 = Debug|Win32
		{67CA9553-0ED4-4AD3-BE78-18BBC537FABE}.Release|x64.ActiveCfg = Release|x64
		{67CA9553-0ED4-4AD3-BE78-18BBC537FABE}.Release|x64.Build.0 = Release|x64
		{67CA9553-0ED4-4AD3-BE78-18BBC537FABE}.Release|x86.ActiveCfg = Release|Win32
		{67CA9553-0ED4-4AD3-BE78-18BBC537FABE}.Release|x86.Build.0 = Release|Win32
		{FAF9E1A0-4E0C-4F13-89E0-F946D9073E13}.Debug|x64.ActiveCfg = Debug|x64
		{FAF9E1A0-4E0C-4F13-89E0-F946D9073E13}.Debug|x64.Build.0 = Debug|x64
		{FAF9E1A0-4E0C-4F13-89E0-F946D9073E13}.Debug|x86.ActiveCfg = Debug|Win32
		{FAF9E1A0-4E0C-4F13-89E0-F946D9073E13}.Debug|x86.Build.0 = Debug|Win32
		{FAF9E1A0-4E0C-4F13-89E0-F946D9073E13}.Release|x64.ActiveCfg = Release|x64
		{FAF9E1A0-4E0C-4F13-89E0-F946D9073E13}.Release|x64.Build.0 = Release|x64
		{FAF9E1A0-4E0C-4F13-89E0-F946D9073E13}.Release|x86.ActiveCfg = Release|Win32
		{FAF9E1A0-4E0C-4F13-89E0-F946D9073E13}.Release|x86.Build.0 = Release|Win32
		{E9452EEA-D3EF-4014-8813-97BB3DFA7C76}.Debug|x64.ActiveCfg = Debug|x64
		{E9452EEA-D3EF-4014-8813-97BB3DFA7C76}.Debug|x64.Build.0 = Debug|x64
		{E9452EEA-D3EF-4014-8813-97BB3DFA7C76}.Debug|x86.ActiveCfg = Debug|Win32
		{E9452EEA-D3EF-4014-8813-97BB3DFA7C76}.Debug|x86.Build.0 = Debug|Win32
		{E9452EEA-D3EF-4014-8813-97BB3DFA7C76}.Release|x64.ActiveCfg = Release|x64
		{E9452EEA-D3EF-4014-8813-97BB3DFA7C76}.Release|x64.Build.0 = Release|x64
		{E9452EEA-D3EF-4014-8813-97BB3DFA7C76}.Release|x86.ActiveCfg = Release|Win32
		{E9452EEA-D3EF-4014-8813-97BB3DFA7C76}.Release|x86.Build.0 = Release|Win32
		{2C401522-8E80-4105-B8C4-F8F2F7507149}.Debug|x64.ActiveCfg = Debug|x64
		{2C401522-8E80-4105-B8C4-F8F2F7507149}.Debug|x64.Build.0 = Debug|x64
		{2C401522-8E80-4105-B8C4-F8F2F7507149}.Debug|x86.ActiveCfg = Debug|Win32
		{2C401522-8E80-4105-B8C4-F8F2F7507149}.Debug|x86.Build.0 = Debug|Win32
		{2C401522-8E80-4105-B8C4-F8F2F7507149}.Release|x64.ActiveCfg = Release|x64
		{2C401522-8E80-4105-B8C4-F8F2F7507149}.Release|x64.Build.0 = Release|x64
		{2C401522-8E80-4105-B8C4-F8F2F7507149}.Release|x86.ActiveCfg = Release|Win32
		{2C401522-8E80-4105-B8C4-F8F2F7507149}.Release|x86.Build.0 = Release|Win32
		{316AB9F4-93DF-4C70-BB9E-6C1C972D8CC7}.Debug|x64.ActiveCfg = Debug|x64
		{316AB9F4-93DF-4C70-BB9E-6C1C972D8CC7}.Debug|x64.Build.0 = Debug|x64
		{316AB9F4-93DF-4C70-BB9E-6C1C972D8CC7}.Debug|x86.ActiveCfg = Debug|Win32
		{316AB9F4-93DF-4C70-BB9E-6C1C972D8CC7}.Debug|x86.Build.0 = Debug|Win32
		{316AB9F4-93DF-4C70-BB9E-6C1C972D8CC7}.Release|x64.ActiveCfg = Release|x64
		{316AB9F4-93DF-4C70-BB9E-6C1C972D8CC7}.Release|x64.Build.0 = Release|x64
		{316AB9F4-93DF-4C70-BB9E-6C1C972D8CC7}.Release|x86.ActiveCfg = Release|Win32
		{316AB9F4-93DF-4C70-BB9E-6C1C972D8CC7}.Release|x86.Build.0 = Release|Win32
		{1E3ADED0-CA95-462C-9B63-BF4624FB1BB5}.Debug|x64.ActiveCfg = Debug|x64
		{1E3ADED0-CA95-462C-9B63-BF4624FB1BB5}.Debug|x64.Build.0 = Debug|x64
		{1E3ADED0-CA95-462C-9B63-BF4624FB1BB5}.Debug|x86.ActiveCfg = Debug|Win32
		{1E3ADED0-CA95-462C-9B63-BF4624FB1BB5}.Debug|x86.Build.0 = Debug|Win32
		{1E3ADED0-CA95-462C-9B63-BF4624FB1BB5}.Release|x64.ActiveCfg = Release|x64
		{1E3ADED0-CA95-462C-9B63-BF4624FB1BB5}.Release|x64.Build.0 = Release|x64
		{1E3ADED0-CA95-462C-9B63-BF4624FB1BB5}.Release|x86.ActiveCfg = Release|Win32
		{1E3ADED0-CA95-462C-9B63-BF4624FB1BB5}.Release|x86.Build.0 = Release|Win32
		{EDA2BC13-B35F-4374-B18F-F1299B2275F7}.Debug|x64.ActiveCfg = Debug|x64
		{EDA2BC13-B35F-4374-B18F-F1299B2275F7}.Debug|x64.Build.0 = Debug|x64
		{EDA2BC13-B35F-4374-B18F-F1299B2275F7}.Debug|x86.ActiveCfg = Debug|Win32
		{EDA2BC13-B35F-4374-B18F-F1299B2275F7}.Debug|x86.Build.0 = Debug|Win32
		{EDA2BC13-B35F-4374-B18F-F1299B2275F7}.Release|x64.ActiveCfg = Release|x64
		{EDA2BC13-B35F-4374-B18F-F1299B2275F7}.Release|x64.Build.0 = Release|x64
		{EDA2BC13-B35F-4374-B18F-F1299B2275F7}.Release|x86.ActiveCfg = Release|Win32
		{EDA2BC13-B35F-4374-B18F-F1299B2275F7}.Release|x86.Build.0 = Release|Win32
	EndGlobalSection
	GlobalSection(SolutionProperties) = preSolution
		HideSolutionNode = FALSE
	EndGlobalSection
	GlobalSection(NestedProjects) = preSolution
		{1B7BA435-0EB0-4399-96FB-1A8D65F0B168} = {195DA395-F639-4AB2-9275-FCE02D842133}
		{F4F690F0-A644-42FC-887D-27E422F506C7} = {90549170-31D3-4D9A-8558-2BD684612DF7}
		{D907952E-FBD3-48D4-BB5A-1EC5927749CA} = {90549170-31D3-4D9A-8558-2BD684612DF7}
		{D2F2D90C-EB2E-4D75-B255-6CCA8AF7D03B} = {90549170-31D3-4D9A-8558-2BD684612DF7}
		{6F08CED9-DCA2-422F-AA5A-BBEA0CE68F0F} = {90549170-31D3-4D9A-8558-2BD684612DF7}
		{FA01B08E-EC46-49DE-9B64-1E96D1A801F4} = {698D2705-374A-4E6D-852D-7004873A602A}
		{67CA9553-0ED4-4AD3-BE78-18BBC537FABE} = {698D2705-374A-4E6D-852D-7004873A602A}
		{FAF9E1A0-4E0C-4F13-89E0-F946D9073E13} = {698D2705-374A-4E6D-852D-7004873A602A}
		{E9452EEA-D3EF-4014-8813-97BB3DFA7C76} = {698D2705-374A-4E6D-852D-7004873A602A}
		{2C401522-8E80-4105-B8C4-F8F2F7507149} = {698D2705-374A-4E6D-852D-7004873A602A}
		{316AB9F4-93DF-4C70-BB9E-6C1C972D8CC7} = {E791E1A7-662C-447E-BFFA-525CE54DF047}
		{1E3ADED0-CA95-462C-9B63-BF4624FB1BB5} = {E791E1A7-662C-447E-BFFA-525CE54DF047}
		{EDA2BC13-B35F-4374-B18F-F1299B2275F7} = {2B88434D-58F4-4CD1-AE8F-C4FDBA6FB22E}
	EndGlobalSection
	GlobalSection(ExtensibilityGlobals) = postSolution
		SolutionGuid = {A336E22F-A565-4EEF-B3BF-051E660C802D}
	EndGlobalSection
EndGlobal
